
Microsoft Visual Studio Solution File, Format Version 12.00
# Visual Studio 15
VisualStudioVersion = 15.0.28010.2050
MinimumVisualStudioVersion = 10.0.40219.1
Project("{FAE04EC0-301F-11D3-BF4B-00C04F79EFBC}") = "N7Emporium", "N7Emporium\N7Emporium.csproj", "{7EA72F78-A5A0-4395-B167-F64ADDECF211}"
EndProject
Global
	GlobalSection(SolutionConfigurationPlatforms) = preSolution
		Debug|Any CPU = Debug|Any CPU
		Release|Any CPU = Release|Any CPU
	EndGlobalSection
	GlobalSection(ProjectConfigurationPlatforms) = postSolution
		{7EA72F78-A5A0-4395-B167-F64ADDECF211}.Debug|Any CPU.ActiveCfg = Debug|Any CPU
		{7EA72F78-A5A0-4395-B167-F64ADDECF211}.Debug|Any CPU.Build.0 = Debug|Any CPU
		{7EA72F78-A5A0-4395-B167-F64ADDECF211}.Release|Any CPU.ActiveCfg = Release|Any CPU
		{7EA72F78-A5A0-4395-B167-F64ADDECF211}.Release|Any CPU.Build.0 = Release|Any CPU
	EndGlobalSection
	GlobalSection(SolutionProperties) = preSolution
		HideSolutionNode = FALSE
	EndGlobalSection
	GlobalSection(ExtensibilityGlobals) = postSolution
		SolutionGuid = {2DA73FD3-BC0E-4452-916A-166113D992C4}
	EndGlobalSection
EndGlobal
